// !$*UTF8*$!
{
	archiveVersion = 1;
	classes = {
	};
	objectVersion = 56;
	objects = {

/* Begin PBXBuildFile section */
		C16A437E2902E9EB00638265 /* Example7.swift in Sources */ = {isa = PBXBuildFile; fileRef = C16A437D2902E9EB00638265 /* Example7.swift */; };
		C16A43802902EC0400638265 /* Example8.swift in Sources */ = {isa = PBXBuildFile; fileRef = C16A437F2902EC0400638265 /* Example8.swift */; };
		C1B1C4AD28EFF6FD00702BAD /* AdvancedSwiftUIAnimationApp.swift in Sources */ = {isa = PBXBuildFile; fileRef = C1B1C4AC28EFF6FD00702BAD /* AdvancedSwiftUIAnimationApp.swift */; };
		C1B1C4AF28EFF6FD00702BAD /* ContentView.swift in Sources */ = {isa = PBXBuildFile; fileRef = C1B1C4AE28EFF6FD00702BAD /* ContentView.swift */; };
		C1B1C4B128EFF6FE00702BAD /* Assets.xcassets in Resources */ = {isa = PBXBuildFile; fileRef = C1B1C4B028EFF6FE00702BAD /* Assets.xcassets */; };
		C1B1C4B428EFF6FE00702BAD /* Preview Assets.xcassets in Resources */ = {isa = PBXBuildFile; fileRef = C1B1C4B328EFF6FE00702BAD /* Preview Assets.xcassets */; };
		C1B1C4BC28EFF77F00702BAD /* Example1.swift in Sources */ = {isa = PBXBuildFile; fileRef = C1B1C4BB28EFF77F00702BAD /* Example1.swift */; };
		C1B1C4BE28EFF81E00702BAD /* Example2.swift in Sources */ = {isa = PBXBuildFile; fileRef = C1B1C4BD28EFF81E00702BAD /* Example2.swift */; };
		C1B1C4C028EFF88500702BAD /* Example3.swift in Sources */ = {isa = PBXBuildFile; fileRef = C1B1C4BF28EFF88500702BAD /* Example3.swift */; };
		C1B1C4C228EFF9B400702BAD /* Example4.swift in Sources */ = {isa = PBXBuildFile; fileRef = C1B1C4C128EFF9B400702BAD /* Example4.swift */; };
		C1B1C4C428EFFA2E00702BAD /* Example5.swift in Sources */ = {isa = PBXBuildFile; fileRef = C1B1C4C328EFFA2E00702BAD /* Example5.swift */; };
		C1B1C4C628EFFAB100702BAD /* Common.swift in Sources */ = {isa = PBXBuildFile; fileRef = C1B1C4C528EFFAB100702BAD /* Common.swift */; };
		C1B1C4C828EFFB3800702BAD /* Example6.swift in Sources */ = {isa = PBXBuildFile; fileRef = C1B1C4C728EFFB3800702BAD /* Example6.swift */; };
/* End PBXBuildFile section */

/* Begin PBXFileReference section */
		C16A437D2902E9EB00638265 /* Example7.swift */ = {isa = PBXFileReference; lastKnownFileType = sourcecode.swift; path = Example7.swift; sourceTree = "<group>"; };
		C16A437F2902EC0400638265 /* Example8.swift */ = {isa = PBXFileReference; lastKnownFileType = sourcecode.swift; path = Example8.swift; sourceTree = "<group>"; };
		C1B1C4A928EFF6FD00702BAD /* AdvancedSwiftUIAnimation.app */ = {isa = PBXFileReference; explicitFileType = wrapper.application; includeInIndex = 0; path = AdvancedSwiftUIAnimation.app; sourceTree = BUILT_PRODUCTS_DIR; };
		C1B1C4AC28EFF6FD00702BAD /* AdvancedSwiftUIAnimationApp.swift */ = {isa = PBXFileReference; lastKnownFileType = sourcecode.swift; path = AdvancedSwiftUIAnimationApp.swift; sourceTree = "<group>"; };
		C1B1C4AE28EFF6FD00702BAD /* ContentView.swift */ = {isa = PBXFileReference; lastKnownFileType = sourcecode.swift; path = ContentView.swift; sourceTree = "<group>"; };
		C1B1C4B028EFF6FE00702BAD /* Assets.xcassets */ = {isa = PBXFileReference; lastKnownFileType = folder.assetcatalog; path = Assets.xcassets; sourceTree = "<group>"; };
		C1B1C4B328EFF6FE00702BAD /* Preview Assets.xcassets */ = {isa = PBXFileReference; lastKnownFileType = folder.assetcatalog; path = "Preview Assets.xcassets"; sourceTree = "<group>"; };
		C1B1C4BB28EFF77F00702BAD /* Example1.swift */ = {isa = PBXFileReference; lastKnownFileType = sourcecode.swift; path = Example1.swift; sourceTree = "<group>"; };
		C1B1C4BD28EFF81E00702BAD /* Example2.swift */ = {isa = PBXFileReference; lastKnownFileType = sourcecode.swift; path = Example2.swift; sourceTree = "<group>"; };
		C1B1C4BF28EFF88500702BAD /* Example3.swift */ = {isa = PBXFileReference; lastKnownFileType = sourcecode.swift; path = Example3.swift; sourceTree = "<group>"; };
		C1B1C4C128EFF9B400702BAD /* Example4.swift */ = {isa = PBXFileReference; lastKnownFileType = sourcecode.swift; path = Example4.swift; sourceTree = "<group>"; };
		C1B1C4C328EFFA2E00702BAD /* Example5.swift */ = {isa = PBXFileReference; lastKnownFileType = sourcecode.swift; path = Example5.swift; sourceTree = "<group>"; };
		C1B1C4C528EFFAB100702BAD /* Common.swift */ = {isa = PBXFileReference; lastKnownFileType = sourcecode.swift; path = Common.swift; sourceTree = "<group>"; };
		C1B1C4C728EFFB3800702BAD /* Example6.swift */ = {isa = PBXFileReference; lastKnownFileType = sourcecode.swift; path = Example6.swift; sourceTree = "<group>"; };
/* End PBXFileReference section */

/* Begin PBXFrameworksBuildPhase section */
		C1B1C4A628EFF6FD00702BAD /* Frameworks */ = {
			isa = PBXFrameworksBuildPhase;
			buildActionMask = 2147483647;
			files = (
			);
			runOnlyForDeploymentPostprocessing = 0;
		};
/* End PBXFrameworksBuildPhase section */

/* Begin PBXGroup section */
		C1B1C4A028EFF6FD00702BAD = {
			isa = PBXGroup;
			children = (
				C1B1C4AB28EFF6FD00702BAD /* AdvancedSwiftUIAnimation */,
				C1B1C4AA28EFF6FD00702BAD /* Products */,
			);
			sourceTree = "<group>";
		};
		C1B1C4AA28EFF6FD00702BAD /* Products */ = {
			isa = PBXGroup;
			children = (
				C1B1C4A928EFF6FD00702BAD /* AdvancedSwiftUIAnimation.app */,
			);
			name = Products;
			sourceTree = "<group>";
		};
		C1B1C4AB28EFF6FD00702BAD /* AdvancedSwiftUIAnimation */ = {
			isa = PBXGroup;
			children = (
				C1B1C4BA28EFF72100702BAD /* Examples */,
				C1B1C4AC28EFF6FD00702BAD /* AdvancedSwiftUIAnimationApp.swift */,
				C1B1C4AE28EFF6FD00702BAD /* ContentView.swift */,
				C1B1C4C528EFFAB100702BAD /* Common.swift */,
				C1B1C4B028EFF6FE00702BAD /* Assets.xcassets */,
				C1B1C4B228EFF6FE00702BAD /* Preview Content */,
			);
			path = AdvancedSwiftUIAnimation;
			sourceTree = "<group>";
		};
		C1B1C4B228EFF6FE00702BAD /* Preview Content */ = {
			isa = PBXGroup;
			children = (
				C1B1C4B328EFF6FE00702BAD /* Preview Assets.xcassets */,
			);
			path = "Preview Content";
			sourceTree = "<group>";
		};
		C1B1C4BA28EFF72100702BAD /* Examples */ = {
			isa = PBXGroup;
			children = (
				C1B1C4BB28EFF77F00702BAD /* Example1.swift */,
				C1B1C4BD28EFF81E00702BAD /* Example2.swift */,
				C1B1C4BF28EFF88500702BAD /* Example3.swift */,
				C1B1C4C128EFF9B400702BAD /* Example4.swift */,
				C1B1C4C328EFFA2E00702BAD /* Example5.swift */,
				C1B1C4C728EFFB3800702BAD /* Example6.swift */,
				C16A437D2902E9EB00638265 /* Example7.swift */,
				C16A437F2902EC0400638265 /* Example8.swift */,
			);
			path = Examples;
			sourceTree = "<group>";
		};
/* End PBXGroup section */

/* Begin PBXNativeTarget section */
		C1B1C4A828EFF6FD00702BAD /* AdvancedSwiftUIAnimation */ = {
			isa = PBXNativeTarget;
			buildConfigurationList = C1B1C4B728EFF6FE00702BAD /* Build configuration list for PBXNativeTarget "AdvancedSwiftUIAnimation" */;
			buildPhases = (
				C1B1C4A528EFF6FD00702BAD /* Sources */,
				C1B1C4A628EFF6FD00702BAD /* Frameworks */,
				C1B1C4A728EFF6FD00702BAD /* Resources */,
			);
			buildRules = (
			);
			dependencies = (
			);
			name = AdvancedSwiftUIAnimation;
			productName = AdvancedSwiftUIAnimation;
			productReference = C1B1C4A928EFF6FD00702BAD /* AdvancedSwiftUIAnimation.app */;
			productType = "com.apple.product-type.application";
		};
/* End PBXNativeTarget section */

/* Begin PBXProject section */
		C1B1C4A128EFF6FD00702BAD /* Project object */ = {
			isa = PBXProject;
			attributes = {
				BuildIndependentTargetsInParallel = 1;
				LastSwiftUpdateCheck = 1400;
				LastUpgradeCheck = 1400;
				TargetAttributes = {
					C1B1C4A828EFF6FD00702BAD = {
						CreatedOnToolsVersion = 14.0.1;
					};
				};
			};
			buildConfigurationList = C1B1C4A428EFF6FD00702BAD /* Build configuration list for PBXProject "AdvancedSwiftUIAnimation" */;
			compatibilityVersion = "Xcode 14.0";
			developmentRegion = en;
			hasScannedForEncodings = 0;
			knownRegions = (
				en,
				Base,
			);
			mainGroup = C1B1C4A028EFF6FD00702BAD;
			productRefGroup = C1B1C4AA28EFF6FD00702BAD /* Products */;
			projectDirPath = "";
			projectRoot = "";
			targets = (
				C1B1C4A828EFF6FD00702BAD /* AdvancedSwiftUIAnimation */,
			);
		};
/* End PBXProject section */

/* Begin PBXResourcesBuildPhase section */
		C1B1C4A728EFF6FD00702BAD /* Resources */ = {
			isa = PBXResourcesBuildPhase;
			buildActionMask = 2147483647;
			files = (
				C1B1C4B428EFF6FE00702BAD /* Preview Assets.xcassets in Resources */,
				C1B1C4B128EFF6FE00702BAD /* Assets.xcassets in Resources */,
			);
			runOnlyForDeploymentPostprocessing = 0;
		};
/* End PBXResourcesBuildPhase section */

/* Begin PBXSourcesBuildPhase section */
		C1B1C4A528EFF6FD00702BAD /* Sources */ = {
			isa = PBXSourcesBuildPhase;
			buildActionMask = 2147483647;
			files = (
				C1B1C4C628EFFAB100702BAD /* Common.swift in Sources */,
				C1B1C4AF28EFF6FD00702BAD /* ContentView.swift in Sources */,
				C1B1C4C228EFF9B400702BAD /* Example4.swift in Sources */,
				C1B1C4C428EFFA2E00702BAD /* Example5.swift in Sources */,
				C1B1C4BC28EFF77F00702BAD /* Example1.swift in Sources */,
				C1B1C4AD28EFF6FD00702BAD /* AdvancedSwiftUIAnimationApp.swift in Sources */,
				C16A43802902EC0400638265 /* Example8.swift in Sources */,
				C1B1C4C028EFF88500702BAD /* Example3.swift in Sources */,
				C1B1C4C828EFFB3800702BAD /* Example6.swift in Sources */,
				C16A437E2902E9EB00638265 /* Example7.swift in Sources */,
				C1B1C4BE28EFF81E00702BAD /* Example2.swift in Sources */,
			);
			runOnlyForDeploymentPostprocessing = 0;
		};
/* End PBXSourcesBuildPhase section */

/* Begin XCBuildConfiguration section */
		C1B1C4B528EFF6FE00702BAD /* Debug */ = {
			isa = XCBuildConfiguration;
			buildSettings = {
				ALWAYS_SEARCH_USER_PATHS = NO;
				CLANG_ANALYZER_NONNULL = YES;
				CLANG_ANALYZER_NUMBER_OBJECT_CONVERSION = YES_AGGRESSIVE;
				CLANG_CXX_LANGUAGE_STANDARD = "gnu++20";
				CLANG_ENABLE_MODULES = YES;
				CLANG_ENABLE_OBJC_ARC = YES;
				CLANG_ENABLE_OBJC_WEAK = YES;
				CLANG_WARN_BLOCK_CAPTURE_AUTORELEASING = YES;
				CLANG_WARN_BOOL_CONVERSION = YES;
				CLANG_WARN_COMMA = YES;
				CLANG_WARN_CONSTANT_CONVERSION = YES;
				CLANG_WARN_DEPRECATED_OBJC_IMPLEMENTATIONS = YES;
				CLANG_WARN_DIRECT_OBJC_ISA_USAGE = YES_ERROR;
				CLANG_WARN_DOCUMENTATION_COMMENTS = YES;
				CLANG_WARN_EMPTY_BODY = YES;
				CLANG_WARN_ENUM_CONVERSION = YES;
				CLANG_WARN_INFINITE_RECURSION = YES;
				CLANG_WARN_INT_CONVERSION = YES;
				CLANG_WARN_NON_LITERAL_NULL_CONVERSION = YES;
				CLANG_WARN_OBJC_IMPLICIT_RETAIN_SELF = YES;
				CLANG_WARN_OBJC_LITERAL_CONVERSION = YES;
				CLANG_WARN_OBJC_ROOT_CLASS = YES_ERROR;
				CLANG_WARN_QUOTED_INCLUDE_IN_FRAMEWORK_HEADER = YES;
				CLANG_WARN_RANGE_LOOP_ANALYSIS = YES;
				CLANG_WARN_STRICT_PROTOTYPES = YES;
				CLANG_WARN_SUSPICIOUS_MOVE = YES;
				CLANG_WARN_UNGUARDED_AVAILABILITY = YES_AGGRESSIVE;
				CLANG_WARN_UNREACHABLE_CODE = YES;
				CLANG_WARN__DUPLICATE_METHOD_MATCH = YES;
				COPY_PHASE_STRIP = NO;
				DEBUG_INFORMATION_FORMAT = dwarf;
				ENABLE_STRICT_OBJC_MSGSEND = YES;
				ENABLE_TESTABILITY = YES;
				GCC_C_LANGUAGE_STANDARD = gnu11;
				GCC_DYNAMIC_NO_PIC = NO;
				GCC_NO_COMMON_BLOCKS = YES;
				GCC_OPTIMIZATION_LEVEL = 0;
				GCC_PREPROCESSOR_DEFINITIONS = (
					"DEBUG=1",
					"$(inherited)",
				);
				GCC_WARN_64_TO_32_BIT_CONVERSION = YES;
				GCC_WARN_ABOUT_RETURN_TYPE = YES_ERROR;
				GCC_WARN_UNDECLARED_SELECTOR = YES;
				GCC_WARN_UNINITIALIZED_AUTOS = YES_AGGRESSIVE;
				GCC_WARN_UNUSED_FUNCTION = YES;
				GCC_WARN_UNUSED_VARIABLE = YES;
				IPHONEOS_DEPLOYMENT_TARGET = 16.0;
				MTL_ENABLE_DEBUG_INFO = INCLUDE_SOURCE;
				MTL_FAST_MATH = YES;
				ONLY_ACTIVE_ARCH = YES;
				SDKROOT = iphoneos;
				SWIFT_ACTIVE_COMPILATION_CONDITIONS = DEBUG;
				SWIFT_OPTIMIZATION_LEVEL = "-Onone";
			};
			name = Debug;
		};
		C1B1C4B628EFF6FE00702BAD /* Release */ = {
			isa = XCBuildConfiguration;
			buildSettings = {
				ALWAYS_SEARCH_USER_PATHS = NO;
				CLANG_ANALYZER_NONNULL = YES;
				CLANG_ANALYZER_NUMBER_OBJECT_CONVERSION = YES_AGGRESSIVE;
				CLANG_CXX_LANGUAGE_STANDARD = "gnu++20";
				CLANG_ENABLE_MODULES = YES;
				CLANG_ENABLE_OBJC_ARC = YES;
				CLANG_ENABLE_OBJC_WEAK = YES;
				CLANG_WARN_BLOCK_CAPTURE_AUTORELEASING = YES;
				CLANG_WARN_BOOL_CONVERSION = YES;
				CLANG_WARN_COMMA = YES;
				CLANG_WARN_CONSTANT_CONVERSION = YES;
				CLANG_WARN_DEPRECATED_OBJC_IMPLEMENTATIONS = YES;
				CLANG_WARN_DIRECT_OBJC_ISA_USAGE = YES_ERROR;
				CLANG_WARN_DOCUMENTATION_COMMENTS = YES;
				CLANG_WARN_EMPTY_BODY = YES;
				CLANG_WARN_ENUM_CONVERSION = YES;
				CLANG_WARN_INFINITE_RECURSION = YES;
				CLANG_WARN_INT_CONVERSION = YES;
				CLANG_WARN_NON_LITERAL_NULL_CONVERSION = YES;
				CLANG_WARN_OBJC_IMPLICIT_RETAIN_SELF = YES;
				CLANG_WARN_OBJC_LITERAL_CONVERSION = YES;
				CLANG_WARN_OBJC_ROOT_CLASS = YES_ERROR;
				CLANG_WARN_QUOTED_INCLUDE_IN_FRAMEWORK_HEADER = YES;
				CLANG_WARN_RANGE_LOOP_ANALYSIS = YES;
				CLANG_WARN_STRICT_PROTOTYPES = YES;
				CLANG_WARN_SUSPICIOUS_MOVE = YES;
				CLANG_WARN_UNGUARDED_AVAILABILITY = YES_AGGRESSIVE;
				CLANG_WARN_UNREACHABLE_CODE = YES;
				CLANG_WARN__DUPLICATE_METHOD_MATCH = YES;
				COPY_PHASE_STRIP = NO;
				DEBUG_INFORMATION_FORMAT = "dwarf-with-dsym";
				ENABLE_NS_ASSERTIONS = NO;
				ENABLE_STRICT_OBJC_MSGSEND = YES;
				GCC_C_LANGUAGE_STANDARD = gnu11;
				GCC_NO_COMMON_BLOCKS = YES;
				GCC_WARN_64_TO_32_BIT_CONVERSION = YES;
				GCC_WARN_ABOUT_RETURN_TYPE = YES_ERROR;
				GCC_WARN_UNDECLARED_SELECTOR = YES;
				GCC_WARN_UNINITIALIZED_AUTOS = YES_AGGRESSIVE;
				GCC_WARN_UNUSED_FUNCTION = YES;
				GCC_WARN_UNUSED_VARIABLE = YES;
				IPHONEOS_DEPLOYMENT_TARGET = 16.0;
				MTL_ENABLE_DEBUG_INFO = NO;
				MTL_FAST_MATH = YES;
				SDKROOT = iphoneos;
				SWIFT_COMPILATION_MODE = wholemodule;
				SWIFT_OPTIMIZATION_LEVEL = "-O";
				VALIDATE_PRODUCT = YES;
			};
			name = Release;
		};
		C1B1C4B828EFF6FE00702BAD /* Debug */ = {
			isa = XCBuildConfiguration;
			buildSettings = {
				ASSETCATALOG_COMPILER_APPICON_NAME = AppIcon;
				ASSETCATALOG_COMPILER_GLOBAL_ACCENT_COLOR_NAME = AccentColor;
				CODE_SIGN_STYLE = Automatic;
				CURRENT_PROJECT_VERSION = 1;
				DEVELOPMENT_ASSET_PATHS = "\"AdvancedSwiftUIAnimation/Preview Content\"";
				DEVELOPMENT_TEAM = A5LBYGCGKX;
				ENABLE_PREVIEWS = YES;
				GENERATE_INFOPLIST_FILE = YES;
				INFOPLIST_KEY_UIApplicationSceneManifest_Generation = YES;
				INFOPLIST_KEY_UIApplicationSupportsIndirectInputEvents = YES;
				INFOPLIST_KEY_UILaunchScreen_Generation = YES;
				INFOPLIST_KEY_UISupportedInterfaceOrientations_iPad = "UIInterfaceOrientationPortrait UIInterfaceOrientationPortraitUpsideDown UIInterfaceOrientationLandscapeLeft UIInterfaceOrientationLandscapeRight";
				INFOPLIST_KEY_UISupportedInterfaceOrientations_iPhone = "UIInterfaceOrientationPortrait UIInterfaceOrientationLandscapeLeft UIInterfaceOrientationLandscapeRight";
				IPHONEOS_DEPLOYMENT_TARGET = 15.0;
				LD_RUNPATH_SEARCH_PATHS = (
					"$(inherited)",
					"@executable_path/Frameworks",
				);
				MARKETING_VERSION = 1.0;
				PRODUCT_BUNDLE_IDENTIFIER = "com.github.Jager-yoo.AdvancedSwiftUIAnimation";
				PRODUCT_NAME = "$(TARGET_NAME)";
				SWIFT_EMIT_LOC_STRINGS = YES;
				SWIFT_VERSION = 5.0;
				TARGETED_DEVICE_FAMILY = "1,2";
			};
			name = Debug;
		};
		C1B1C4B928EFF6FE00702BAD /* Release */ = {
			isa = XCBuildConfiguration;
			buildSettings = {
				ASSETCATALOG_COMPILER_APPICON_NAME = AppIcon;
				ASSETCATALOG_COMPILER_GLOBAL_ACCENT_COLOR_NAME = AccentColor;
				CODE_SIGN_STYLE = Automatic;
				CURRENT_PROJECT_VERSION = 1;
				DEVELOPMENT_ASSET_PATHS = "\"AdvancedSwiftUIAnimation/Preview Content\"";
				DEVELOPMENT_TEAM = A5LBYGCGKX;
				ENABLE_PREVIEWS = YES;
				GENERATE_INFOPLIST_FILE = YES;
				INFOPLIST_KEY_UIApplicationSceneManifest_Generation = YES;
				INFOPLIST_KEY_UIApplicationSupportsIndirectInputEvents = YES;
				INFOPLIST_KEY_UILaunchScreen_Generation = YES;
				INFOPLIST_KEY_UISupportedInterfaceOrientations_iPad = "UIInterfaceOrientationPortrait UIInterfaceOrientationPortraitUpsideDown UIInterfaceOrientationLandscapeLeft UIInterfaceOrientationLandscapeRight";
				INFOPLIST_KEY_UISupportedInterfaceOrientations_iPhone = "UIInterfaceOrientationPortrait UIInterfaceOrientationLandscapeLeft UIInterfaceOrientationLandscapeRight";
				IPHONEOS_DEPLOYMENT_TARGET = 15.0;
				LD_RUNPATH_SEARCH_PATHS = (
					"$(inherited)",
					"@executable_path/Frameworks",
				);
				MARKETING_VERSION = 1.0;
				PRODUCT_BUNDLE_IDENTIFIER = "com.github.Jager-yoo.AdvancedSwiftUIAnimation";
				PRODUCT_NAME = "$(TARGET_NAME)";
				SWIFT_EMIT_LOC_STRINGS = YES;
				SWIFT_VERSION = 5.0;
				TARGETED_DEVICE_FAMILY = "1,2";
			};
			name = Release;
		};
/* End XCBuildConfiguration section */

/* Begin XCConfigurationList section */
		C1B1C4A428EFF6FD00702BAD /* Build configuration list for PBXProject "AdvancedSwiftUIAnimation" */ = {
			isa = XCConfigurationList;
			buildConfigurations = (
				C1B1C4B528EFF6FE00702BAD /* Debug */,
				C1B1C4B628EFF6FE00702BAD /* Release */,
			);
			defaultConfigurationIsVisible = 0;
			defaultConfigurationName = Release;
		};
		C1B1C4B728EFF6FE00702BAD /* Build configuration list for PBXNativeTarget "AdvancedSwiftUIAnimation" */ = {
			isa = XCConfigurationList;
			buildConfigurations = (
				C1B1C4B828EFF6FE00702BAD /* Debug */,
				C1B1C4B928EFF6FE00702BAD /* Release */,
			);
			defaultConfigurationIsVisible = 0;
			defaultConfigurationName = Release;
		};
/* End XCConfigurationList section */
	};
	rootObject = C1B1C4A128EFF6FD00702BAD /* Project object */;
}
